
Microsoft Visual Studio Solution File, Format Version 12.00
# Visual Studio 14
VisualStudioVersion = 14.0.25420.1
MinimumVisualStudioVersion = 10.0.40219.1
Project("{FAE04EC0-301F-11D3-BF4B-00C04F79EFBC}") = "HelloXamarin.Droid", "HelloXamarin\HelloXamarin.Droid\HelloXamarin.Droid.csproj", "{68645121-B88B-4530-865B-313C567FE486}"
EndProject
Project("{FAE04EC0-301F-11D3-BF4B-00C04F79EFBC}") = "HelloXamarin.iOS", "HelloXamarin\HelloXamarin.iOS\HelloXamarin.iOS.csproj", "{832E3209-E114-4D6E-B2BB-4A715D0D42ED}"
EndProject
Project("{FAE04EC0-301F-11D3-BF4B-00C04F79EFBC}") = "HelloXamarin.WinPhone", "HelloXamarin\HelloXamarin.WinPhone\HelloXamarin.WinPhone.csproj", "{2F5F8288-4BFC-43F2-8A15-F0CC9EA2F352}"
EndProject
Project("{FAE04EC0-301F-11D3-BF4B-00C04F79EFBC}") = "HelloXamarin.Windows", "HelloXamarin\HelloXamarin.Windows\HelloXamarin.Windows.csproj", "{3D22D263-6437-47EC-BB2B-F14E16F0B882}"
EndProject
Project("{FAE04EC0-301F-11D3-BF4B-00C04F79EFBC}") = "HelloXamarin", "HelloXamarin\HelloXamarin\HelloXamarin.csproj", "{6EF45A85-AC2F-4DA4-BA35-604B3575A22E}"
EndProject
Global
	GlobalSection(SolutionConfigurationPlatforms) = preSolution
		Ad-Hoc|Any CPU = Ad-Hoc|Any CPU
		Ad-Hoc|ARM = Ad-Hoc|ARM
		Ad-Hoc|iPhone = Ad-Hoc|iPhone
		Ad-Hoc|iPhoneSimulator = Ad-Hoc|iPhoneSimulator
		Ad-Hoc|x64 = Ad-Hoc|x64
		Ad-Hoc|x86 = Ad-Hoc|x86
		AppStore|Any CPU = AppStore|Any CPU
		AppStore|ARM = AppStore|ARM
		AppStore|iPhone = AppStore|iPhone
		AppStore|iPhoneSimulator = AppStore|iPhoneSimulator
		AppStore|x64 = AppStore|x64
		AppStore|x86 = AppStore|x86
		Debug|Any CPU = Debug|Any CPU
		Debug|ARM = Debug|ARM
		Debug|iPhone = Debug|iPhone
		Debug|iPhoneSimulator = Debug|iPhoneSimulator
		Debug|x64 = Debug|x64
		Debug|x86 = Debug|x86
		Release|Any CPU = Release|Any CPU
		Release|ARM = Release|ARM
		Release|iPhone = Release|iPhone
		Release|iPhoneSimulator = Release|iPhoneSimulator
		Release|x64 = Release|x64
		Release|x86 = Release|x86
	EndGlobalSection
	GlobalSection(ProjectConfigurationPlatforms) = postSolution
		{68645121-B88B-4530-865B-313C567FE486}.Ad-Hoc|Any CPU.ActiveCfg = Release|Any CPU
		{68645121-B88B-4530-865B-313C567FE486}.Ad-Hoc|Any CPU.Build.0 = Release|Any CPU
		{68645121-B88B-4530-865B-313C567FE486}.Ad-Hoc|Any CPU.Deploy.0 = Release|Any CPU
		{68645121-B88B-4530-865B-313C567FE486}.Ad-Hoc|ARM.ActiveCfg = Release|Any CPU
		{68645121-B88B-4530-865B-313C567FE486}.Ad-Hoc|ARM.Build.0 = Release|Any CPU
		{68645121-B88B-4530-865B-313C567FE486}.Ad-Hoc|ARM.Deploy.0 = Release|Any CPU
		{68645121-B88B-4530-865B-313C567FE486}.Ad-Hoc|iPhone.ActiveCfg = Release|Any CPU
		{68645121-B88B-4530-865B-313C567FE486}.Ad-Hoc|iPhone.Build.0 = Release|Any CPU
		{68645121-B88B-4530-865B-313C567FE486}.Ad-Hoc|iPhone.Deploy.0 = Release|Any CPU
		{68645121-B88B-4530-865B-313C567FE486}.Ad-Hoc|iPhoneSimulator.ActiveCfg = Release|Any CPU
		{68645121-B88B-4530-865B-313C567FE486}.Ad-Hoc|iPhoneSimulator.Build.0 = Release|Any CPU
		{68645121-B88B-4530-865B-313C567FE486}.Ad-Hoc|iPhoneSimulator.Deploy.0 = Release|Any CPU
		{68645121-B88B-4530-865B-313C567FE486}.Ad-Hoc|x64.ActiveCfg = Release|Any CPU
		{68645121-B88B-4530-865B-313C567FE486}.Ad-Hoc|x64.Build.0 = Release|Any CPU
		{68645121-B88B-4530-865B-313C567FE486}.Ad-Hoc|x64.Deploy.0 = Release|Any CPU
		{68645121-B88B-4530-865B-313C567FE486}.Ad-Hoc|x86.ActiveCfg = Release|Any CPU
		{68645121-B88B-4530-865B-313C567FE486}.Ad-Hoc|x86.Build.0 = Release|Any CPU
		{68645121-B88B-4530-865B-313C567FE486}.Ad-Hoc|x86.Deploy.0 = Release|Any CPU
		{68645121-B88B-4530-865B-313C567FE486}.AppStore|Any CPU.ActiveCfg = Release|Any CPU
		{68645121-B88B-4530-865B-313C567FE486}.AppStore|Any CPU.Build.0 = Release|Any CPU
		{68645121-B88B-4530-865B-313C567FE486}.AppStore|Any CPU.Deploy.0 = Release|Any CPU
		{68645121-B88B-4530-865B-313C567FE486}.AppStore|ARM.ActiveCfg = Release|Any CPU
		{68645121-B88B-4530-865B-313C567FE486}.AppStore|ARM.Build.0 = Release|Any CPU
		{68645121-B88B-4530-865B-313C567FE486}.AppStore|ARM.Deploy.0 = Release|Any CPU
		{68645121-B88B-4530-865B-313C567FE486}.AppStore|iPhone.ActiveCfg = Release|Any CPU
		{68645121-B88B-4530-865B-313C567FE486}.AppStore|iPhone.Build.0 = Release|Any CPU
		{68645121-B88B-4530-865B-313C567FE486}.AppStore|iPhone.Deploy.0 = Release|Any CPU
		{68645121-B88B-4530-865B-313C567FE486}.AppStore|iPhoneSimulator.ActiveCfg = Release|Any CPU
		{68645121-B88B-4530-865B-313C567FE486}.AppStore|iPhoneSimulator.Build.0 = Release|Any CPU
		{68645121-B88B-4530-865B-313C567FE486}.AppStore|iPhoneSimulator.Deploy.0 = Release|Any CPU
		{68645121-B88B-4530-865B-313C567FE486}.AppStore|x64.ActiveCfg = Release|Any CPU
		{68645121-B88B-4530-865B-313C567FE486}.AppStore|x64.Build.0 = Release|Any CPU
		{68645121-B88B-4530-865B-313C567FE486}.AppStore|x64.Deploy.0 = Release|Any CPU
		{68645121-B88B-4530-865B-313C567FE486}.AppStore|x86.ActiveCfg = Release|Any CPU
		{68645121-B88B-4530-865B-313C567FE486}.AppStore|x86.Build.0 = Release|Any CPU
		{68645121-B88B-4530-865B-313C567FE486}.AppStore|x86.Deploy.0 = Release|Any CPU
		{68645121-B88B-4530-865B-313C567FE486}.Debug|Any CPU.ActiveCfg = Debug|Any CPU
		{68645121-B88B-4530-865B-313C567FE486}.Debug|Any CPU.Build.0 = Debug|Any CPU
		{68645121-B88B-4530-865B-313C567FE486}.Debug|Any CPU.Deploy.0 = Debug|Any CPU
		{68645121-B88B-4530-865B-313C567FE486}.Debug|ARM.ActiveCfg = Debug|Any CPU
		{68645121-B88B-4530-865B-313C567FE486}.Debug|ARM.Build.0 = Debug|Any CPU
		{68645121-B88B-4530-865B-313C567FE486}.Debug|ARM.Deploy.0 = Debug|Any CPU
		{68645121-B88B-4530-865B-313C567FE486}.Debug|iPhone.ActiveCfg = Debug|Any CPU
		{68645121-B88B-4530-865B-313C567FE486}.Debug|iPhone.Build.0 = Debug|Any CPU
		{68645121-B88B-4530-865B-313C567FE486}.Debug|iPhone.Deploy.0 = Debug|Any CPU
		{68645121-B88B-4530-865B-313C567FE486}.Debug|iPhoneSimulator.ActiveCfg = Debug|Any CPU
		{68645121-B88B-4530-865B-313C567FE486}.Debug|iPhoneSimulator.Build.0 = Debug|Any CPU
		{68645121-B88B-4530-865B-313C567FE486}.Debug|iPhoneSimulator.Deploy.0 = Debug|Any CPU
		{68645121-B88B-4530-865B-313C567FE486}.Debug|x64.ActiveCfg = Debug|Any CPU
		{68645121-B88B-4530-865B-313C567FE486}.Debug|x64.Build.0 = Debug|Any CPU
		{68645121-B88B-4530-865B-313C567FE486}.Debug|x64.Deploy.0 = Debug|Any CPU
		{68645121-B88B-4530-865B-313C567FE486}.Debug|x86.ActiveCfg = Debug|Any CPU
		{68645121-B88B-4530-865B-313C567FE486}.Debug|x86.Build.0 = Debug|Any CPU
		{68645121-B88B-4530-865B-313C567FE486}.Debug|x86.Deploy.0 = Debug|Any CPU
		{68645121-B88B-4530-865B-313C567FE486}.Release|Any CPU.ActiveCfg = Release|Any CPU
		{68645121-B88B-4530-865B-313C567FE486}.Release|Any CPU.Build.0 = Release|Any CPU
		{68645121-B88B-4530-865B-313C567FE486}.Release|Any CPU.Deploy.0 = Release|Any CPU
		{68645121-B88B-4530-865B-313C567FE486}.Release|ARM.ActiveCfg = Release|Any CPU
		{68645121-B88B-4530-865B-313C567FE486}.Release|ARM.Build.0 = Release|Any CPU
		{68645121-B88B-4530-865B-313C567FE486}.Release|ARM.Deploy.0 = Release|Any CPU
		{68645121-B88B-4530-865B-313C567FE486}.Release|iPhone.ActiveCfg = Release|Any CPU
		{68645121-B88B-4530-865B-313C567FE486}.Release|iPhone.Build.0 = Release|Any CPU
		{68645121-B88B-4530-865B-313C567FE486}.Release|iPhone.Deploy.0 = Release|Any CPU
		{68645121-B88B-4530-865B-313C567FE486}.Release|iPhoneSimulator.ActiveCfg = Release|Any CPU
		{68645121-B88B-4530-865B-313C567FE486}.Release|iPhoneSimulator.Build.0 = Release|Any CPU
		{68645121-B88B-4530-865B-313C567FE486}.Release|iPhoneSimulator.Deploy.0 = Release|Any CPU
		{68645121-B88B-4530-865B-313C567FE486}.Release|x64.ActiveCfg = Release|Any CPU
		{68645121-B88B-4530-865B-313C567FE486}.Release|x64.Build.0 = Release|Any CPU
		{68645121-B88B-4530-865B-313C567FE486}.Release|x64.Deploy.0 = Release|Any CPU
		{68645121-B88B-4530-865B-313C567FE486}.Release|x86.ActiveCfg = Release|Any CPU
		{68645121-B88B-4530-865B-313C567FE486}.Release|x86.Build.0 = Release|Any CPU
		{68645121-B88B-4530-865B-313C567FE486}.Release|x86.Deploy.0 = Release|Any CPU
		{832E3209-E114-4D6E-B2BB-4A715D0D42ED}.Ad-Hoc|Any CPU.ActiveCfg = Ad-Hoc|iPhone
		{832E3209-E114-4D6E-B2BB-4A715D0D42ED}.Ad-Hoc|ARM.ActiveCfg = Ad-Hoc|iPhone
		{832E3209-E114-4D6E-B2BB-4A715D0D42ED}.Ad-Hoc|iPhone.ActiveCfg = Ad-Hoc|iPhone
		{832E3209-E114-4D6E-B2BB-4A715D0D42ED}.Ad-Hoc|iPhone.Build.0 = Ad-Hoc|iPhone
		{832E3209-E114-4D6E-B2BB-4A715D0D42ED}.Ad-Hoc|iPhoneSimulator.ActiveCfg = Ad-Hoc|iPhoneSimulator
		{832E3209-E114-4D6E-B2BB-4A715D0D42ED}.Ad-Hoc|iPhoneSimulator.Build.0 = Ad-Hoc|iPhoneSimulator
		{832E3209-E114-4D6E-B2BB-4A715D0D42ED}.Ad-Hoc|x64.ActiveCfg = Ad-Hoc|iPhone
		{832E3209-E114-4D6E-B2BB-4A715D0D42ED}.Ad-Hoc|x86.ActiveCfg = Ad-Hoc|iPhone
		{832E3209-E114-4D6E-B2BB-4A715D0D42ED}.AppStore|Any CPU.ActiveCfg = AppStore|iPhone
		{832E3209-E114-4D6E-B2BB-4A715D0D42ED}.AppStore|ARM.ActiveCfg = AppStore|iPhone
		{832E3209-E114-4D6E-B2BB-4A715D0D42ED}.AppStore|iPhone.ActiveCfg = AppStore|iPhone
		{832E3209-E114-4D6E-B2BB-4A715D0D42ED}.AppStore|iPhone.Build.0 = AppStore|iPhone
		{832E3209-E114-4D6E-B2BB-4A715D0D42ED}.AppStore|iPhoneSimulator.ActiveCfg = AppStore|iPhoneSimulator
		{832E3209-E114-4D6E-B2BB-4A715D0D42ED}.AppStore|iPhoneSimulator.Build.0 = AppStore|iPhoneSimulator
		{832E3209-E114-4D6E-B2BB-4A715D0D42ED}.AppStore|x64.ActiveCfg = AppStore|iPhone
		{832E3209-E114-4D6E-B2BB-4A715D0D42ED}.AppStore|x86.ActiveCfg = AppStore|iPhone
		{832E3209-E114-4D6E-B2BB-4A715D0D42ED}.Debug|Any CPU.ActiveCfg = Debug|iPhone
		{832E3209-E114-4D6E-B2BB-4A715D0D42ED}.Debug|ARM.ActiveCfg = Debug|iPhone
		{832E3209-E114-4D6E-B2BB-4A715D0D42ED}.Debug|iPhone.ActiveCfg = Debug|iPhone
		{832E3209-E114-4D6E-B2BB-4A715D0D42ED}.Debug|iPhone.Build.0 = Debug|iPhone
		{832E3209-E114-4D6E-B2BB-4A715D0D42ED}.Debug|iPhoneSimulator.ActiveCfg = Debug|iPhoneSimulator
		{832E3209-E114-4D6E-B2BB-4A715D0D42ED}.Debug|iPhoneSimulator.Build.0 = Debug|iPhoneSimulator
		{832E3209-E114-4D6E-B2BB-4A715D0D42ED}.Debug|x64.ActiveCfg = Debug|iPhone
		{832E3209-E114-4D6E-B2BB-4A715D0D42ED}.Debug|x86.ActiveCfg = Debug|iPhone
		{832E3209-E114-4D6E-B2BB-4A715D0D42ED}.Release|Any CPU.ActiveCfg = Release|iPhone
		{832E3209-E114-4D6E-B2BB-4A715D0D42ED}.Release|ARM.ActiveCfg = Release|iPhone
		{832E3209-E114-4D6E-B2BB-4A715D0D42ED}.Release|iPhone.ActiveCfg = Release|iPhone
		{832E3209-E114-4D6E-B2BB-4A715D0D42ED}.Release|iPhone.Build.0 = Release|iPhone
		{832E3209-E114-4D6E-B2BB-4A715D0D42ED}.Release|iPhoneSimulator.ActiveCfg = Release|iPhoneSimulator
		{832E3209-E114-4D6E-B2BB-4A715D0D42ED}.Release|iPhoneSimulator.Build.0 = Release|iPhoneSimulator
		{832E3209-E114-4D6E-B2BB-4A715D0D42ED}.Release|x64.ActiveCfg = Release|iPhone
		{832E3209-E114-4D6E-B2BB-4A715D0D42ED}.Release|x86.ActiveCfg = Release|iPhone
		{2F5F8288-4BFC-43F2-8A15-F0CC9EA2F352}.Ad-Hoc|Any CPU.ActiveCfg = Release|Any CPU
		{2F5F8288-4BFC-43F2-8A15-F0CC9EA2F352}.Ad-Hoc|Any CPU.Build.0 = Release|Any CPU
		{2F5F8288-4BFC-43F2-8A15-F0CC9EA2F352}.Ad-Hoc|Any CPU.Deploy.0 = Release|Any CPU
		{2F5F8288-4BFC-43F2-8A15-F0CC9EA2F352}.Ad-Hoc|ARM.ActiveCfg = Release|ARM
		{2F5F8288-4BFC-43F2-8A15-F0CC9EA2F352}.Ad-Hoc|ARM.Build.0 = Release|ARM
		{2F5F8288-4BFC-43F2-8A15-F0CC9EA2F352}.Ad-Hoc|ARM.Deploy.0 = Release|ARM
		{2F5F8288-4BFC-43F2-8A15-F0CC9EA2F352}.Ad-Hoc|iPhone.ActiveCfg = Release|Any CPU
		{2F5F8288-4BFC-43F2-8A15-F0CC9EA2F352}.Ad-Hoc|iPhone.Build.0 = Release|Any CPU
		{2F5F8288-4BFC-43F2-8A15-F0CC9EA2F352}.Ad-Hoc|iPhone.Deploy.0 = Release|Any CPU
		{2F5F8288-4BFC-43F2-8A15-F0CC9EA2F352}.Ad-Hoc|iPhoneSimulator.ActiveCfg = Release|Any CPU
		{2F5F8288-4BFC-43F2-8A15-F0CC9EA2F352}.Ad-Hoc|iPhoneSimulator.Build.0 = Release|Any CPU
		{2F5F8288-4BFC-43F2-8A15-F0CC9EA2F352}.Ad-Hoc|iPhoneSimulator.Deploy.0 = Release|Any CPU
		{2F5F8288-4BFC-43F2-8A15-F0CC9EA2F352}.Ad-Hoc|x64.ActiveCfg = Release|Any CPU
		{2F5F8288-4BFC-43F2-8A15-F0CC9EA2F352}.Ad-Hoc|x64.Build.0 = Release|Any CPU
		{2F5F8288-4BFC-43F2-8A15-F0CC9EA2F352}.Ad-Hoc|x64.Deploy.0 = Release|Any CPU
		{2F5F8288-4BFC-43F2-8A15-F0CC9EA2F352}.Ad-Hoc|x86.ActiveCfg = Release|x86
		{2F5F8288-4BFC-43F2-8A15-F0CC9EA2F352}.Ad-Hoc|x86.Build.0 = Release|x86
		{2F5F8288-4BFC-43F2-8A15-F0CC9EA2F352}.Ad-Hoc|x86.Deploy.0 = Release|x86
		{2F5F8288-4BFC-43F2-8A15-F0CC9EA2F352}.AppStore|Any CPU.ActiveCfg = Release|Any CPU
		{2F5F8288-4BFC-43F2-8A15-F0CC9EA2F352}.AppStore|Any CPU.Build.0 = Release|Any CPU
		{2F5F8288-4BFC-43F2-8A15-F0CC9EA2F352}.AppStore|Any CPU.Deploy.0 = Release|Any CPU
		{2F5F8288-4BFC-43F2-8A15-F0CC9EA2F352}.AppStore|ARM.ActiveCfg = Release|ARM
		{2F5F8288-4BFC-43F2-8A15-F0CC9EA2F352}.AppStore|ARM.Build.0 = Release|ARM
		{2F5F8288-4BFC-43F2-8A15-F0CC9EA2F352}.AppStore|ARM.Deploy.0 = Release|ARM
		{2F5F8288-4BFC-43F2-8A15-F0CC9EA2F352}.AppStore|iPhone.ActiveCfg = Release|Any CPU
		{2F5F8288-4BFC-43F2-8A15-F0CC9EA2F352}.AppStore|iPhone.Build.0 = Release|Any CPU
		{2F5F8288-4BFC-43F2-8A15-F0CC9EA2F352}.AppStore|iPhone.Deploy.0 = Release|Any CPU
		{2F5F8288-4BFC-43F2-8A15-F0CC9EA2F352}.AppStore|iPhoneSimulator.ActiveCfg = Release|Any CPU
		{2F5F8288-4BFC-43F2-8A15-F0CC9EA2F352}.AppStore|iPhoneSimulator.Build.0 = Release|Any CPU
		{2F5F8288-4BFC-43F2-8A15-F0CC9EA2F352}.AppStore|iPhoneSimulator.Deploy.0 = Release|Any CPU
		{2F5F8288-4BFC-43F2-8A15-F0CC9EA2F352}.AppStore|x64.ActiveCfg = Release|Any CPU
		{2F5F8288-4BFC-43F2-8A15-F0CC9EA2F352}.AppStore|x64.Build.0 = Release|Any CPU
		{2F5F8288-4BFC-43F2-8A15-F0CC9EA2F352}.AppStore|x64.Deploy.0 = Release|Any CPU
		{2F5F8288-4BFC-43F2-8A15-F0CC9EA2F352}.AppStore|x86.ActiveCfg = Release|x86
		{2F5F8288-4BFC-43F2-8A15-F0CC9EA2F352}.AppStore|x86.Build.0 = Release|x86
		{2F5F8288-4BFC-43F2-8A15-F0CC9EA2F352}.AppStore|x86.Deploy.0 = Release|x86
		{2F5F8288-4BFC-43F2-8A15-F0CC9EA2F352}.Debug|Any CPU.ActiveCfg = Debug|Any CPU
		{2F5F8288-4BFC-43F2-8A15-F0CC9EA2F352}.Debug|Any CPU.Build.0 = Debug|Any CPU
		{2F5F8288-4BFC-43F2-8A15-F0CC9EA2F352}.Debug|Any CPU.Deploy.0 = Debug|Any CPU
		{2F5F8288-4BFC-43F2-8A15-F0CC9EA2F352}.Debug|ARM.ActiveCfg = Debug|ARM
		{2F5F8288-4BFC-43F2-8A15-F0CC9EA2F352}.Debug|ARM.Build.0 = Debug|ARM
		{2F5F8288-4BFC-43F2-8A15-F0CC9EA2F352}.Debug|ARM.Deploy.0 = Debug|ARM
		{2F5F8288-4BFC-43F2-8A15-F0CC9EA2F352}.Debug|iPhone.ActiveCfg = Debug|Any CPU
		{2F5F8288-4BFC-43F2-8A15-F0CC9EA2F352}.Debug|iPhone.Build.0 = Debug|Any CPU
		{2F5F8288-4BFC-43F2-8A15-F0CC9EA2F352}.Debug|iPhone.Deploy.0 = Debug|Any CPU
		{2F5F8288-4BFC-43F2-8A15-F0CC9EA2F352}.Debug|iPhoneSimulator.ActiveCfg = Debug|Any CPU
		{2F5F8288-4BFC-43F2-8A15-F0CC9EA2F352}.Debug|iPhoneSimulator.Build.0 = Debug|Any CPU
		{2F5F8288-4BFC-43F2-8A15-F0CC9EA2F352}.Debug|iPhoneSimulator.Deploy.0 = Debug|Any CPU
		{2F5F8288-4BFC-43F2-8A15-F0CC9EA2F352}.Debug|x64.ActiveCfg = Debug|Any CPU
		{2F5F8288-4BFC-43F2-8A15-F0CC9EA2F352}.Debug|x64.Build.0 = Debug|Any CPU
		{2F5F8288-4BFC-43F2-8A15-F0CC9EA2F352}.Debug|x64.Deploy.0 = Debug|Any CPU
		{2F5F8288-4BFC-43F2-8A15-F0CC9EA2F352}.Debug|x86.ActiveCfg = Debug|x86
		{2F5F8288-4BFC-43F2-8A15-F0CC9EA2F352}.Debug|x86.Build.0 = Debug|x86
		{2F5F8288-4BFC-43F2-8A15-F0CC9EA2F352}.Debug|x86.Deploy.0 = Debug|x86
		{2F5F8288-4BFC-43F2-8A15-F0CC9EA2F352}.Release|Any CPU.ActiveCfg = Release|Any CPU
		{2F5F8288-4BFC-43F2-8A15-F0CC9EA2F352}.Release|Any CPU.Build.0 = Release|Any CPU
		{2F5F8288-4BFC-43F2-8A15-F0CC9EA2F352}.Release|Any CPU.Deploy.0 = Release|Any CPU
		{2F5F8288-4BFC-43F2-8A15-F0CC9EA2F352}.Release|ARM.ActiveCfg = Release|ARM
		{2F5F8288-4BFC-43F2-8A15-F0CC9EA2F352}.Release|ARM.Build.0 = Release|ARM
		{2F5F8288-4BFC-43F2-8A15-F0CC9EA2F352}.Release|ARM.Deploy.0 = Release|ARM
		{2F5F8288-4BFC-43F2-8A15-F0CC9EA2F352}.Release|iPhone.ActiveCfg = Release|Any CPU
		{2F5F8288-4BFC-43F2-8A15-F0CC9EA2F352}.Release|iPhone.Build.0 = Release|Any CPU
		{2F5F8288-4BFC-43F2-8A15-F0CC9EA2F352}.Release|iPhone.Deploy.0 = Release|Any CPU
		{2F5F8288-4BFC-43F2-8A15-F0CC9EA2F352}.Release|iPhoneSimulator.ActiveCfg = Release|Any CPU
		{2F5F8288-4BFC-43F2-8A15-F0CC9EA2F352}.Release|iPhoneSimulator.Build.0 = Release|Any CPU
		{2F5F8288-4BFC-43F2-8A15-F0CC9EA2F352}.Release|iPhoneSimulator.Deploy.0 = Release|Any CPU
		{2F5F8288-4BFC-43F2-8A15-F0CC9EA2F352}.Release|x64.ActiveCfg = Release|Any CPU
		{2F5F8288-4BFC-43F2-8A15-F0CC9EA2F352}.Release|x64.Build.0 = Release|Any CPU
		{2F5F8288-4BFC-43F2-8A15-F0CC9EA2F352}.Release|x64.Deploy.0 = Release|Any CPU
		{2F5F8288-4BFC-43F2-8A15-F0CC9EA2F352}.Release|x86.ActiveCfg = Release|x86
		{2F5F8288-4BFC-43F2-8A15-F0CC9EA2F352}.Release|x86.Build.0 = Release|x86
		{2F5F8288-4BFC-43F2-8A15-F0CC9EA2F352}.Release|x86.Deploy.0 = Release|x86
		{3D22D263-6437-47EC-BB2B-F14E16F0B882}.Ad-Hoc|Any CPU.ActiveCfg = Release|Any CPU
		{3D22D263-6437-47EC-BB2B-F14E16F0B882}.Ad-Hoc|Any CPU.Build.0 = Release|Any CPU
		{3D22D263-6437-47EC-BB2B-F14E16F0B882}.Ad-Hoc|Any CPU.Deploy.0 = Release|Any CPU
		{3D22D263-6437-47EC-BB2B-F14E16F0B882}.Ad-Hoc|ARM.ActiveCfg = Release|ARM
		{3D22D263-6437-47EC-BB2B-F14E16F0B882}.Ad-Hoc|ARM.Build.0 = Release|ARM
		{3D22D263-6437-47EC-BB2B-F14E16F0B882}.Ad-Hoc|ARM.Deploy.0 = Release|ARM
		{3D22D263-6437-47EC-BB2B-F14E16F0B882}.Ad-Hoc|iPhone.ActiveCfg = Release|Any CPU
		{3D22D263-6437-47EC-BB2B-F14E16F0B882}.Ad-Hoc|iPhone.Build.0 = Release|Any CPU
		{3D22D263-6437-47EC-BB2B-F14E16F0B882}.Ad-Hoc|iPhone.Deploy.0 = Release|Any CPU
		{3D22D263-6437-47EC-BB2B-F14E16F0B882}.Ad-Hoc|iPhoneSimulator.ActiveCfg = Release|Any CPU
		{3D22D263-6437-47EC-BB2B-F14E16F0B882}.Ad-Hoc|iPhoneSimulator.Build.0 = Release|Any CPU
		{3D22D263-6437-47EC-BB2B-F14E16F0B882}.Ad-Hoc|iPhoneSimulator.Deploy.0 = Release|Any CPU
		{3D22D263-6437-47EC-BB2B-F14E16F0B882}.Ad-Hoc|x64.ActiveCfg = Release|x64
		{3D22D263-6437-47EC-BB2B-F14E16F0B882}.Ad-Hoc|x64.Build.0 = Release|x64
		{3D22D263-6437-47EC-BB2B-F14E16F0B882}.Ad-Hoc|x64.Deploy.0 = Release|x64
		{3D22D263-6437-47EC-BB2B-F14E16F0B882}.Ad-Hoc|x86.ActiveCfg = Release|x86
		{3D22D263-6437-47EC-BB2B-F14E16F0B882}.Ad-Hoc|x86.Build.0 = Release|x86
		{3D22D263-6437-47EC-BB2B-F14E16F0B882}.Ad-Hoc|x86.Deploy.0 = Release|x86
		{3D22D263-6437-47EC-BB2B-F14E16F0B882}.AppStore|Any CPU.ActiveCfg = Release|Any CPU
		{3D22D263-6437-47EC-BB2B-F14E16F0B882}.AppStore|Any CPU.Build.0 = Release|Any CPU
		{3D22D263-6437-47EC-BB2B-F14E16F0B882}.AppStore|Any CPU.Deploy.0 = Release|Any CPU
		{3D22D263-6437-47EC-BB2B-F14E16F0B882}.AppStore|ARM.ActiveCfg = Release|ARM
		{3D22D263-6437-47EC-BB2B-F14E16F0B882}.AppStore|ARM.Build.0 = Release|ARM
		{3D22D263-6437-47EC-BB2B-F14E16F0B882}.AppStore|ARM.Deploy.0 = Release|ARM
		{3D22D263-6437-47EC-BB2B-F14E16F0B882}.AppStore|iPhone.ActiveCfg = Release|Any CPU
		{3D22D263-6437-47EC-BB2B-F14E16F0B882}.AppStore|iPhone.Build.0 = Release|Any CPU
		{3D22D263-6437-47EC-BB2B-F14E16F0B882}.AppStore|iPhone.Deploy.0 = Release|Any CPU
		{3D22D263-6437-47EC-BB2B-F14E16F0B882}.AppStore|iPhoneSimulator.ActiveCfg = Release|Any CPU
		{3D22D263-6437-47EC-BB2B-F14E16F0B882}.AppStore|iPhoneSimulator.Build.0 = Release|Any CPU
		{3D22D263-6437-47EC-BB2B-F14E16F0B882}.AppStore|iPhoneSimulator.Deploy.0 = Release|Any CPU
		{3D22D263-6437-47EC-BB2B-F14E16F0B882}.AppStore|x64.ActiveCfg = Release|x64
		{3D22D263-6437-47EC-BB2B-F14E16F0B882}.AppStore|x64.Build.0 = Release|x64
		{3D22D263-6437-47EC-BB2B-F14E16F0B882}.AppStore|x64.Deploy.0 = Release|x64
		{3D22D263-6437-47EC-BB2B-F14E16F0B882}.AppStore|x86.ActiveCfg = Release|x86
		{3D22D263-6437-47EC-BB2B-F14E16F0B882}.AppStore|x86.Build.0 = Release|x86
		{3D22D263-6437-47EC-BB2B-F14E16F0B882}.AppStore|x86.Deploy.0 = Release|x86
		{3D22D263-6437-47EC-BB2B-F14E16F0B882}.Debug|Any CPU.ActiveCfg = Debug|Any CPU
		{3D22D263-6437-47EC-BB2B-F14E16F0B882}.Debug|Any CPU.Build.0 = Debug|Any CPU
		{3D22D263-6437-47EC-BB2B-F14E16F0B882}.Debug|Any CPU.Deploy.0 = Debug|Any CPU
		{3D22D263-6437-47EC-BB2B-F14E16F0B882}.Debug|ARM.ActiveCfg = Debug|ARM
		{3D22D263-6437-47EC-BB2B-F14E16F0B882}.Debug|ARM.Build.0 = Debug|ARM
		{3D22D263-6437-47EC-BB2B-F14E16F0B882}.Debug|ARM.Deploy.0 = Debug|ARM
		{3D22D263-6437-47EC-BB2B-F14E16F0B882}.Debug|iPhone.ActiveCfg = Debug|Any CPU
		{3D22D263-6437-47EC-BB2B-F14E16F0B882}.Debug|iPhone.Build.0 = Debug|Any CPU
		{3D22D263-6437-47EC-BB2B-F14E16F0B882}.Debug|iPhone.Deploy.0 = Debug|Any CPU
		{3D22D263-6437-47EC-BB2B-F14E16F0B882}.Debug|iPhoneSimulator.ActiveCfg = Debug|Any CPU
		{3D22D263-6437-47EC-BB2B-F14E16F0B882}.Debug|iPhoneSimulator.Build.0 = Debug|Any CPU
		{3D22D263-6437-47EC-BB2B-F14E16F0B882}.Debug|iPhoneSimulator.Deploy.0 = Debug|Any CPU
		{3D22D263-6437-47EC-BB2B-F14E16F0B882}.Debug|x64.ActiveCfg = Debug|x64
		{3D22D263-6437-47EC-BB2B-F14E16F0B882}.Debug|x64.Build.0 = Debug|x64
		{3D22D263-6437-47EC-BB2B-F14E16F0B882}.Debug|x64.Deploy.0 = Debug|x64
		{3D22D263-6437-47EC-BB2B-F14E16F0B882}.Debug|x86.ActiveCfg = Debug|x86
		{3D22D263-6437-47EC-BB2B-F14E16F0B882}.Debug|x86.Build.0 = Debug|x86
		{3D22D263-6437-47EC-BB2B-F14E16F0B882}.Debug|x86.Deploy.0 = Debug|x86
		{3D22D263-6437-47EC-BB2B-F14E16F0B882}.Release|Any CPU.ActiveCfg = Release|Any CPU
		{3D22D263-6437-47EC-BB2B-F14E16F0B882}.Release|Any CPU.Build.0 = Release|Any CPU
		{3D22D263-6437-47EC-BB2B-F14E16F0B882}.Release|Any CPU.Deploy.0 = Release|Any CPU
		{3D22D263-6437-47EC-BB2B-F14E16F0B882}.Release|ARM.ActiveCfg = Release|ARM
		{3D22D263-6437-47EC-BB2B-F14E16F0B882}.Release|ARM.Build.0 = Release|ARM
		{3D22D263-6437-47EC-BB2B-F14E16F0B882}.Release|ARM.Deploy.0 = Release|ARM
		{3D22D263-6437-47EC-BB2B-F14E16F0B882}.Release|iPhone.ActiveCfg = Release|Any CPU
		{3D22D263-6437-47EC-BB2B-F14E16F0B882}.Release|iPhone.Build.0 = Release|Any CPU
		{3D22D263-6437-47EC-BB2B-F14E16F0B882}.Release|iPhone.Deploy.0 = Release|Any CPU
		{3D22D263-6437-47EC-BB2B-F14E16F0B882}.Release|iPhoneSimulator.ActiveCfg = Release|Any CPU
		{3D22D263-6437-47EC-BB2B-F14E16F0B882}.Release|iPhoneSimulator.Build.0 = Release|Any CPU
		{3D22D263-6437-47EC-BB2B-F14E16F0B882}.Release|iPhoneSimulator.Deploy.0 = Release|Any CPU
		{3D22D263-6437-47EC-BB2B-F14E16F0B882}.Release|x64.ActiveCfg = Release|x64
		{3D22D263-6437-47EC-BB2B-F14E16F0B882}.Release|x64.Build.0 = Release|x64
		{3D22D263-6437-47EC-BB2B-F14E16F0B882}.Release|x64.Deploy.0 = Release|x64
		{3D22D263-6437-47EC-BB2B-F14E16F0B882}.Release|x86.ActiveCfg = Release|x86
		{3D22D263-6437-47EC-BB2B-F14E16F0B882}.Release|x86.Build.0 = Release|x86
		{3D22D263-6437-47EC-BB2B-F14E16F0B882}.Release|x86.Deploy.0 = Release|x86
		{6EF45A85-AC2F-4DA4-BA35-604B3575A22E}.Ad-Hoc|Any CPU.ActiveCfg = Release|Any CPU
		{6EF45A85-AC2F-4DA4-BA35-604B3575A22E}.Ad-Hoc|Any CPU.Build.0 = Release|Any CPU
		{6EF45A85-AC2F-4DA4-BA35-604B3575A22E}.Ad-Hoc|ARM.ActiveCfg = Release|Any CPU
		{6EF45A85-AC2F-4DA4-BA35-604B3575A22E}.Ad-Hoc|ARM.Build.0 = Release|Any CPU
		{6EF45A85-AC2F-4DA4-BA35-604B3575A22E}.Ad-Hoc|iPhone.ActiveCfg = Release|Any CPU
		{6EF45A85-AC2F-4DA4-BA35-604B3575A22E}.Ad-Hoc|iPhone.Build.0 = Release|Any CPU
		{6EF45A85-AC2F-4DA4-BA35-604B3575A22E}.Ad-Hoc|iPhoneSimulator.ActiveCfg = Release|Any CPU
		{6EF45A85-AC2F-4DA4-BA35-604B3575A22E}.Ad-Hoc|iPhoneSimulator.Build.0 = Release|Any CPU
		{6EF45A85-AC2F-4DA4-BA35-604B3575A22E}.Ad-Hoc|x64.ActiveCfg = Release|Any CPU
		{6EF45A85-AC2F-4DA4-BA35-604B3575A22E}.Ad-Hoc|x64.Build.0 = Release|Any CPU
		{6EF45A85-AC2F-4DA4-BA35-604B3575A22E}.Ad-Hoc|x86.ActiveCfg = Release|Any CPU
		{6EF45A85-AC2F-4DA4-BA35-604B3575A22E}.Ad-Hoc|x86.Build.0 = Release|Any CPU
		{6EF45A85-AC2F-4DA4-BA35-604B3575A22E}.AppStore|Any CPU.ActiveCfg = Release|Any CPU
		{6EF45A85-AC2F-4DA4-BA35-604B3575A22E}.AppStore|Any CPU.Build.0 = Release|Any CPU
		{6EF45A85-AC2F-4DA4-BA35-604B3575A22E}.AppStore|ARM.ActiveCfg = Release|Any CPU
		{6EF45A85-AC2F-4DA4-BA35-604B3575A22E}.AppStore|ARM.Build.0 = Release|Any CPU
		{6EF45A85-AC2F-4DA4-BA35-604B3575A22E}.AppStore|iPhone.ActiveCfg = Release|Any CPU
		{6EF45A85-AC2F-4DA4-BA35-604B3575A22E}.AppStore|iPhone.Build.0 = Release|Any CPU
		{6EF45A85-AC2F-4DA4-BA35-604B3575A22E}.AppStore|iPhoneSimulator.ActiveCfg = Release|Any CPU
		{6EF45A85-AC2F-4DA4-BA35-604B3575A22E}.AppStore|iPhoneSimulator.Build.0 = Release|Any CPU
		{6EF45A85-AC2F-4DA4-BA35-604B3575A22E}.AppStore|x64.ActiveCfg = Release|Any CPU
		{6EF45A85-AC2F-4DA4-BA35-604B3575A22E}.AppStore|x64.Build.0 = Release|Any CPU
		{6EF45A85-AC2F-4DA4-BA35-604B3575A22E}.AppStore|x86.ActiveCfg = Release|Any CPU
		{6EF45A85-AC2F-4DA4-BA35-604B3575A22E}.AppStore|x86.Build.0 = Release|Any CPU
		{6EF45A85-AC2F-4DA4-BA35-604B3575A22E}.Debug|Any CPU.ActiveCfg = Debug|Any CPU
		{6EF45A85-AC2F-4DA4-BA35-604B3575A22E}.Debug|Any CPU.Build.0 = Debug|Any CPU
		{6EF45A85-AC2F-4DA4-BA35-604B3575A22E}.Debug|ARM.ActiveCfg = Debug|Any CPU
		{6EF45A85-AC2F-4DA4-BA35-604B3575A22E}.Debug|ARM.Build.0 = Debug|Any CPU
		{6EF45A85-AC2F-4DA4-BA35-604B3575A22E}.Debug|iPhone.ActiveCfg = Debug|Any CPU
		{6EF45A85-AC2F-4DA4-BA35-604B3575A22E}.Debug|iPhone.Build.0 = Debug|Any CPU
		{6EF45A85-AC2F-4DA4-BA35-604B3575A22E}.Debug|iPhoneSimulator.ActiveCfg = Debug|Any CPU
		{6EF45A85-AC2F-4DA4-BA35-604B3575A22E}.Debug|iPhoneSimulator.Build.0 = Debug|Any CPU
		{6EF45A85-AC2F-4DA4-BA35-604B3575A22E}.Debug|x64.ActiveCfg = Debug|Any CPU
		{6EF45A85-AC2F-4DA4-BA35-604B3575A22E}.Debug|x64.Build.0 = Debug|Any CPU
		{6EF45A85-AC2F-4DA4-BA35-604B3575A22E}.Debug|x86.ActiveCfg = Debug|Any CPU
		{6EF45A85-AC2F-4DA4-BA35-604B3575A22E}.Debug|x86.Build.0 = Debug|Any CPU
		{6EF45A85-AC2F-4DA4-BA35-604B3575A22E}.Release|Any CPU.ActiveCfg = Release|Any CPU
		{6EF45A85-AC2F-4DA4-BA35-604B3575A22E}.Release|Any CPU.Build.0 = Release|Any CPU
		{6EF45A85-AC2F-4DA4-BA35-604B3575A22E}.Release|ARM.ActiveCfg = Release|Any CPU
		{6EF45A85-AC2F-4DA4-BA35-604B3575A22E}.Release|ARM.Build.0 = Release|Any CPU
		{6EF45A85-AC2F-4DA4-BA35-604B3575A22E}.Release|iPhone.ActiveCfg = Release|Any CPU
		{6EF45A85-AC2F-4DA4-BA35-604B3575A22E}.Release|iPhone.Build.0 = Release|Any CPU
		{6EF45A85-AC2F-4DA4-BA35-604B3575A22E}.Release|iPhoneSimulator.ActiveCfg = Release|Any CPU
		{6EF45A85-AC2F-4DA4-BA35-604B3575A22E}.Release|iPhoneSimulator.Build.0 = Release|Any CPU
		{6EF45A85-AC2F-4DA4-BA35-604B3575A22E}.Release|x64.ActiveCfg = Release|Any CPU
		{6EF45A85-AC2F-4DA4-BA35-604B3575A22E}.Release|x64.Build.0 = Release|Any CPU
		{6EF45A85-AC2F-4DA4-BA35-604B3575A22E}.Release|x86.ActiveCfg = Release|Any CPU
		{6EF45A85-AC2F-4DA4-BA35-604B3575A22E}.Release|x86.Build.0 = Release|Any CPU
	EndGlobalSection
	GlobalSection(SolutionProperties) = preSolution
		HideSolutionNode = FALSE
	EndGlobalSection
EndGlobal
