
Microsoft Visual Studio Solution File, Format Version 12.00
# Visual Studio 14
VisualStudioVersion = 14.0.25420.1
MinimumVisualStudioVersion = 10.0.40219.1
Project("{FAE04EC0-301F-11D3-BF4B-00C04F79EFBC}") = "HelloXamarin.Droid", "HelloXamarin\HelloXamarin.Droid\HelloXamarin.Droid.csproj", "{2E8C98CE-A169-4134-BC77-CCB88769137D}"
EndProject
Project("{FAE04EC0-301F-11D3-BF4B-00C04F79EFBC}") = "HelloXamarin.iOS", "HelloXamarin\HelloXamarin.iOS\HelloXamarin.iOS.csproj", "{1582A906-269F-4DF8-9968-98765A54EAE5}"
EndProject
Project("{FAE04EC0-301F-11D3-BF4B-00C04F79EFBC}") = "HelloXamarin.WinPhone", "HelloXamarin\HelloXamarin.WinPhone\HelloXamarin.WinPhone.csproj", "{98A68DFA-E8B2-48BA-AC7D-AACBFD6A010C}"
EndProject
Project("{FAE04EC0-301F-11D3-BF4B-00C04F79EFBC}") = "HelloXamarin.Windows", "HelloXamarin\HelloXamarin.Windows\HelloXamarin.Windows.csproj", "{E8D53096-2F28-4FEB-82C8-A32DDE37C5E2}"
EndProject
Project("{FAE04EC0-301F-11D3-BF4B-00C04F79EFBC}") = "HelloXamarin", "HelloXamarin\HelloXamarin\HelloXamarin.csproj", "{D1D82AA1-898A-4971-A2BC-9733EE21DD97}"
EndProject
Global
	GlobalSection(SolutionConfigurationPlatforms) = preSolution
		Ad-Hoc|Any CPU = Ad-Hoc|Any CPU
		Ad-Hoc|ARM = Ad-Hoc|ARM
		Ad-Hoc|iPhone = Ad-Hoc|iPhone
		Ad-Hoc|iPhoneSimulator = Ad-Hoc|iPhoneSimulator
		Ad-Hoc|x64 = Ad-Hoc|x64
		Ad-Hoc|x86 = Ad-Hoc|x86
		AppStore|Any CPU = AppStore|Any CPU
		AppStore|ARM = AppStore|ARM
		AppStore|iPhone = AppStore|iPhone
		AppStore|iPhoneSimulator = AppStore|iPhoneSimulator
		AppStore|x64 = AppStore|x64
		AppStore|x86 = AppStore|x86
		Debug|Any CPU = Debug|Any CPU
		Debug|ARM = Debug|ARM
		Debug|iPhone = Debug|iPhone
		Debug|iPhoneSimulator = Debug|iPhoneSimulator
		Debug|x64 = Debug|x64
		Debug|x86 = Debug|x86
		Release|Any CPU = Release|Any CPU
		Release|ARM = Release|ARM
		Release|iPhone = Release|iPhone
		Release|iPhoneSimulator = Release|iPhoneSimulator
		Release|x64 = Release|x64
		Release|x86 = Release|x86
	EndGlobalSection
	GlobalSection(ProjectConfigurationPlatforms) = postSolution
		{2E8C98CE-A169-4134-BC77-CCB88769137D}.Ad-Hoc|Any CPU.ActiveCfg = Release|Any CPU
		{2E8C98CE-A169-4134-BC77-CCB88769137D}.Ad-Hoc|Any CPU.Build.0 = Release|Any CPU
		{2E8C98CE-A169-4134-BC77-CCB88769137D}.Ad-Hoc|Any CPU.Deploy.0 = Release|Any CPU
		{2E8C98CE-A169-4134-BC77-CCB88769137D}.Ad-Hoc|ARM.ActiveCfg = Release|Any CPU
		{2E8C98CE-A169-4134-BC77-CCB88769137D}.Ad-Hoc|ARM.Build.0 = Release|Any CPU
		{2E8C98CE-A169-4134-BC77-CCB88769137D}.Ad-Hoc|ARM.Deploy.0 = Release|Any CPU
		{2E8C98CE-A169-4134-BC77-CCB88769137D}.Ad-Hoc|iPhone.ActiveCfg = Release|Any CPU
		{2E8C98CE-A169-4134-BC77-CCB88769137D}.Ad-Hoc|iPhone.Build.0 = Release|Any CPU
		{2E8C98CE-A169-4134-BC77-CCB88769137D}.Ad-Hoc|iPhone.Deploy.0 = Release|Any CPU
		{2E8C98CE-A169-4134-BC77-CCB88769137D}.Ad-Hoc|iPhoneSimulator.ActiveCfg = Release|Any CPU
		{2E8C98CE-A169-4134-BC77-CCB88769137D}.Ad-Hoc|iPhoneSimulator.Build.0 = Release|Any CPU
		{2E8C98CE-A169-4134-BC77-CCB88769137D}.Ad-Hoc|iPhoneSimulator.Deploy.0 = Release|Any CPU
		{2E8C98CE-A169-4134-BC77-CCB88769137D}.Ad-Hoc|x64.ActiveCfg = Release|Any CPU
		{2E8C98CE-A169-4134-BC77-CCB88769137D}.Ad-Hoc|x64.Build.0 = Release|Any CPU
		{2E8C98CE-A169-4134-BC77-CCB88769137D}.Ad-Hoc|x64.Deploy.0 = Release|Any CPU
		{2E8C98CE-A169-4134-BC77-CCB88769137D}.Ad-Hoc|x86.ActiveCfg = Release|Any CPU
		{2E8C98CE-A169-4134-BC77-CCB88769137D}.Ad-Hoc|x86.Build.0 = Release|Any CPU
		{2E8C98CE-A169-4134-BC77-CCB88769137D}.Ad-Hoc|x86.Deploy.0 = Release|Any CPU
		{2E8C98CE-A169-4134-BC77-CCB88769137D}.AppStore|Any CPU.ActiveCfg = Release|Any CPU
		{2E8C98CE-A169-4134-BC77-CCB88769137D}.AppStore|Any CPU.Build.0 = Release|Any CPU
		{2E8C98CE-A169-4134-BC77-CCB88769137D}.AppStore|Any CPU.Deploy.0 = Release|Any CPU
		{2E8C98CE-A169-4134-BC77-CCB88769137D}.AppStore|ARM.ActiveCfg = Release|Any CPU
		{2E8C98CE-A169-4134-BC77-CCB88769137D}.AppStore|ARM.Build.0 = Release|Any CPU
		{2E8C98CE-A169-4134-BC77-CCB88769137D}.AppStore|ARM.Deploy.0 = Release|Any CPU
		{2E8C98CE-A169-4134-BC77-CCB88769137D}.AppStore|iPhone.ActiveCfg = Release|Any CPU
		{2E8C98CE-A169-4134-BC77-CCB88769137D}.AppStore|iPhone.Build.0 = Release|Any CPU
		{2E8C98CE-A169-4134-BC77-CCB88769137D}.AppStore|iPhone.Deploy.0 = Release|Any CPU
		{2E8C98CE-A169-4134-BC77-CCB88769137D}.AppStore|iPhoneSimulator.ActiveCfg = Release|Any CPU
		{2E8C98CE-A169-4134-BC77-CCB88769137D}.AppStore|iPhoneSimulator.Build.0 = Release|Any CPU
		{2E8C98CE-A169-4134-BC77-CCB88769137D}.AppStore|iPhoneSimulator.Deploy.0 = Release|Any CPU
		{2E8C98CE-A169-4134-BC77-CCB88769137D}.AppStore|x64.ActiveCfg = Release|Any CPU
		{2E8C98CE-A169-4134-BC77-CCB88769137D}.AppStore|x64.Build.0 = Release|Any CPU
		{2E8C98CE-A169-4134-BC77-CCB88769137D}.AppStore|x64.Deploy.0 = Release|Any CPU
		{2E8C98CE-A169-4134-BC77-CCB88769137D}.AppStore|x86.ActiveCfg = Release|Any CPU
		{2E8C98CE-A169-4134-BC77-CCB88769137D}.AppStore|x86.Build.0 = Release|Any CPU
		{2E8C98CE-A169-4134-BC77-CCB88769137D}.AppStore|x86.Deploy.0 = Release|Any CPU
		{2E8C98CE-A169-4134-BC77-CCB88769137D}.Debug|Any CPU.ActiveCfg = Debug|Any CPU
		{2E8C98CE-A169-4134-BC77-CCB88769137D}.Debug|Any CPU.Build.0 = Debug|Any CPU
		{2E8C98CE-A169-4134-BC77-CCB88769137D}.Debug|Any CPU.Deploy.0 = Debug|Any CPU
		{2E8C98CE-A169-4134-BC77-CCB88769137D}.Debug|ARM.ActiveCfg = Debug|Any CPU
		{2E8C98CE-A169-4134-BC77-CCB88769137D}.Debug|ARM.Build.0 = Debug|Any CPU
		{2E8C98CE-A169-4134-BC77-CCB88769137D}.Debug|ARM.Deploy.0 = Debug|Any CPU
		{2E8C98CE-A169-4134-BC77-CCB88769137D}.Debug|iPhone.ActiveCfg = Debug|Any CPU
		{2E8C98CE-A169-4134-BC77-CCB88769137D}.Debug|iPhone.Build.0 = Debug|Any CPU
		{2E8C98CE-A169-4134-BC77-CCB88769137D}.Debug|iPhone.Deploy.0 = Debug|Any CPU
		{2E8C98CE-A169-4134-BC77-CCB88769137D}.Debug|iPhoneSimulator.ActiveCfg = Debug|Any CPU
		{2E8C98CE-A169-4134-BC77-CCB88769137D}.Debug|iPhoneSimulator.Build.0 = Debug|Any CPU
		{2E8C98CE-A169-4134-BC77-CCB88769137D}.Debug|iPhoneSimulator.Deploy.0 = Debug|Any CPU
		{2E8C98CE-A169-4134-BC77-CCB88769137D}.Debug|x64.ActiveCfg = Debug|Any CPU
		{2E8C98CE-A169-4134-BC77-CCB88769137D}.Debug|x64.Build.0 = Debug|Any CPU
		{2E8C98CE-A169-4134-BC77-CCB88769137D}.Debug|x64.Deploy.0 = Debug|Any CPU
		{2E8C98CE-A169-4134-BC77-CCB88769137D}.Debug|x86.ActiveCfg = Debug|Any CPU
		{2E8C98CE-A169-4134-BC77-CCB88769137D}.Debug|x86.Build.0 = Debug|Any CPU
		{2E8C98CE-A169-4134-BC77-CCB88769137D}.Debug|x86.Deploy.0 = Debug|Any CPU
		{2E8C98CE-A169-4134-BC77-CCB88769137D}.Release|Any CPU.ActiveCfg = Release|Any CPU
		{2E8C98CE-A169-4134-BC77-CCB88769137D}.Release|Any CPU.Build.0 = Release|Any CPU
		{2E8C98CE-A169-4134-BC77-CCB88769137D}.Release|Any CPU.Deploy.0 = Release|Any CPU
		{2E8C98CE-A169-4134-BC77-CCB88769137D}.Release|ARM.ActiveCfg = Release|Any CPU
		{2E8C98CE-A169-4134-BC77-CCB88769137D}.Release|ARM.Build.0 = Release|Any CPU
		{2E8C98CE-A169-4134-BC77-CCB88769137D}.Release|ARM.Deploy.0 = Release|Any CPU
		{2E8C98CE-A169-4134-BC77-CCB88769137D}.Release|iPhone.ActiveCfg = Release|Any CPU
		{2E8C98CE-A169-4134-BC77-CCB88769137D}.Release|iPhone.Build.0 = Release|Any CPU
		{2E8C98CE-A169-4134-BC77-CCB88769137D}.Release|iPhone.Deploy.0 = Release|Any CPU
		{2E8C98CE-A169-4134-BC77-CCB88769137D}.Release|iPhoneSimulator.ActiveCfg = Release|Any CPU
		{2E8C98CE-A169-4134-BC77-CCB88769137D}.Release|iPhoneSimulator.Build.0 = Release|Any CPU
		{2E8C98CE-A169-4134-BC77-CCB88769137D}.Release|iPhoneSimulator.Deploy.0 = Release|Any CPU
		{2E8C98CE-A169-4134-BC77-CCB88769137D}.Release|x64.ActiveCfg = Release|Any CPU
		{2E8C98CE-A169-4134-BC77-CCB88769137D}.Release|x64.Build.0 = Release|Any CPU
		{2E8C98CE-A169-4134-BC77-CCB88769137D}.Release|x64.Deploy.0 = Release|Any CPU
		{2E8C98CE-A169-4134-BC77-CCB88769137D}.Release|x86.ActiveCfg = Release|Any CPU
		{2E8C98CE-A169-4134-BC77-CCB88769137D}.Release|x86.Build.0 = Release|Any CPU
		{2E8C98CE-A169-4134-BC77-CCB88769137D}.Release|x86.Deploy.0 = Release|Any CPU
		{1582A906-269F-4DF8-9968-98765A54EAE5}.Ad-Hoc|Any CPU.ActiveCfg = Ad-Hoc|iPhone
		{1582A906-269F-4DF8-9968-98765A54EAE5}.Ad-Hoc|ARM.ActiveCfg = Ad-Hoc|iPhone
		{1582A906-269F-4DF8-9968-98765A54EAE5}.Ad-Hoc|iPhone.ActiveCfg = Ad-Hoc|iPhone
		{1582A906-269F-4DF8-9968-98765A54EAE5}.Ad-Hoc|iPhone.Build.0 = Ad-Hoc|iPhone
		{1582A906-269F-4DF8-9968-98765A54EAE5}.Ad-Hoc|iPhoneSimulator.ActiveCfg = Ad-Hoc|iPhoneSimulator
		{1582A906-269F-4DF8-9968-98765A54EAE5}.Ad-Hoc|iPhoneSimulator.Build.0 = Ad-Hoc|iPhoneSimulator
		{1582A906-269F-4DF8-9968-98765A54EAE5}.Ad-Hoc|x64.ActiveCfg = Ad-Hoc|iPhone
		{1582A906-269F-4DF8-9968-98765A54EAE5}.Ad-Hoc|x86.ActiveCfg = Ad-Hoc|iPhone
		{1582A906-269F-4DF8-9968-98765A54EAE5}.AppStore|Any CPU.ActiveCfg = AppStore|iPhone
		{1582A906-269F-4DF8-9968-98765A54EAE5}.AppStore|ARM.ActiveCfg = AppStore|iPhone
		{1582A906-269F-4DF8-9968-98765A54EAE5}.AppStore|iPhone.ActiveCfg = AppStore|iPhone
		{1582A906-269F-4DF8-9968-98765A54EAE5}.AppStore|iPhone.Build.0 = AppStore|iPhone
		{1582A906-269F-4DF8-9968-98765A54EAE5}.AppStore|iPhoneSimulator.ActiveCfg = AppStore|iPhoneSimulator
		{1582A906-269F-4DF8-9968-98765A54EAE5}.AppStore|iPhoneSimulator.Build.0 = AppStore|iPhoneSimulator
		{1582A906-269F-4DF8-9968-98765A54EAE5}.AppStore|x64.ActiveCfg = AppStore|iPhone
		{1582A906-269F-4DF8-9968-98765A54EAE5}.AppStore|x86.ActiveCfg = AppStore|iPhone
		{1582A906-269F-4DF8-9968-98765A54EAE5}.Debug|Any CPU.ActiveCfg = Debug|iPhone
		{1582A906-269F-4DF8-9968-98765A54EAE5}.Debug|ARM.ActiveCfg = Debug|iPhone
		{1582A906-269F-4DF8-9968-98765A54EAE5}.Debug|iPhone.ActiveCfg = Debug|iPhone
		{1582A906-269F-4DF8-9968-98765A54EAE5}.Debug|iPhone.Build.0 = Debug|iPhone
		{1582A906-269F-4DF8-9968-98765A54EAE5}.Debug|iPhoneSimulator.ActiveCfg = Debug|iPhoneSimulator
		{1582A906-269F-4DF8-9968-98765A54EAE5}.Debug|iPhoneSimulator.Build.0 = Debug|iPhoneSimulator
		{1582A906-269F-4DF8-9968-98765A54EAE5}.Debug|x64.ActiveCfg = Debug|iPhone
		{1582A906-269F-4DF8-9968-98765A54EAE5}.Debug|x86.ActiveCfg = Debug|iPhone
		{1582A906-269F-4DF8-9968-98765A54EAE5}.Release|Any CPU.ActiveCfg = Release|iPhone
		{1582A906-269F-4DF8-9968-98765A54EAE5}.Release|ARM.ActiveCfg = Release|iPhone
		{1582A906-269F-4DF8-9968-98765A54EAE5}.Release|iPhone.ActiveCfg = Release|iPhone
		{1582A906-269F-4DF8-9968-98765A54EAE5}.Release|iPhone.Build.0 = Release|iPhone
		{1582A906-269F-4DF8-9968-98765A54EAE5}.Release|iPhoneSimulator.ActiveCfg = Release|iPhoneSimulator
		{1582A906-269F-4DF8-9968-98765A54EAE5}.Release|iPhoneSimulator.Build.0 = Release|iPhoneSimulator
		{1582A906-269F-4DF8-9968-98765A54EAE5}.Release|x64.ActiveCfg = Release|iPhone
		{1582A906-269F-4DF8-9968-98765A54EAE5}.Release|x86.ActiveCfg = Release|iPhone
		{98A68DFA-E8B2-48BA-AC7D-AACBFD6A010C}.Ad-Hoc|Any CPU.ActiveCfg = Release|Any CPU
		{98A68DFA-E8B2-48BA-AC7D-AACBFD6A010C}.Ad-Hoc|Any CPU.Build.0 = Release|Any CPU
		{98A68DFA-E8B2-48BA-AC7D-AACBFD6A010C}.Ad-Hoc|Any CPU.Deploy.0 = Release|Any CPU
		{98A68DFA-E8B2-48BA-AC7D-AACBFD6A010C}.Ad-Hoc|ARM.ActiveCfg = Release|ARM
		{98A68DFA-E8B2-48BA-AC7D-AACBFD6A010C}.Ad-Hoc|ARM.Build.0 = Release|ARM
		{98A68DFA-E8B2-48BA-AC7D-AACBFD6A010C}.Ad-Hoc|ARM.Deploy.0 = Release|ARM
		{98A68DFA-E8B2-48BA-AC7D-AACBFD6A010C}.Ad-Hoc|iPhone.ActiveCfg = Release|Any CPU
		{98A68DFA-E8B2-48BA-AC7D-AACBFD6A010C}.Ad-Hoc|iPhone.Build.0 = Release|Any CPU
		{98A68DFA-E8B2-48BA-AC7D-AACBFD6A010C}.Ad-Hoc|iPhone.Deploy.0 = Release|Any CPU
		{98A68DFA-E8B2-48BA-AC7D-AACBFD6A010C}.Ad-Hoc|iPhoneSimulator.ActiveCfg = Release|Any CPU
		{98A68DFA-E8B2-48BA-AC7D-AACBFD6A010C}.Ad-Hoc|iPhoneSimulator.Build.0 = Release|Any CPU
		{98A68DFA-E8B2-48BA-AC7D-AACBFD6A010C}.Ad-Hoc|iPhoneSimulator.Deploy.0 = Release|Any CPU
		{98A68DFA-E8B2-48BA-AC7D-AACBFD6A010C}.Ad-Hoc|x64.ActiveCfg = Release|Any CPU
		{98A68DFA-E8B2-48BA-AC7D-AACBFD6A010C}.Ad-Hoc|x64.Build.0 = Release|Any CPU
		{98A68DFA-E8B2-48BA-AC7D-AACBFD6A010C}.Ad-Hoc|x64.Deploy.0 = Release|Any CPU
		{98A68DFA-E8B2-48BA-AC7D-AACBFD6A010C}.Ad-Hoc|x86.ActiveCfg = Release|x86
		{98A68DFA-E8B2-48BA-AC7D-AACBFD6A010C}.Ad-Hoc|x86.Build.0 = Release|x86
		{98A68DFA-E8B2-48BA-AC7D-AACBFD6A010C}.Ad-Hoc|x86.Deploy.0 = Release|x86
		{98A68DFA-E8B2-48BA-AC7D-AACBFD6A010C}.AppStore|Any CPU.ActiveCfg = Release|Any CPU
		{98A68DFA-E8B2-48BA-AC7D-AACBFD6A010C}.AppStore|Any CPU.Build.0 = Release|Any CPU
		{98A68DFA-E8B2-48BA-AC7D-AACBFD6A010C}.AppStore|Any CPU.Deploy.0 = Release|Any CPU
		{98A68DFA-E8B2-48BA-AC7D-AACBFD6A010C}.AppStore|ARM.ActiveCfg = Release|ARM
		{98A68DFA-E8B2-48BA-AC7D-AACBFD6A010C}.AppStore|ARM.Build.0 = Release|ARM
		{98A68DFA-E8B2-48BA-AC7D-AACBFD6A010C}.AppStore|ARM.Deploy.0 = Release|ARM
		{98A68DFA-E8B2-48BA-AC7D-AACBFD6A010C}.AppStore|iPhone.ActiveCfg = Release|Any CPU
		{98A68DFA-E8B2-48BA-AC7D-AACBFD6A010C}.AppStore|iPhone.Build.0 = Release|Any CPU
		{98A68DFA-E8B2-48BA-AC7D-AACBFD6A010C}.AppStore|iPhone.Deploy.0 = Release|Any CPU
		{98A68DFA-E8B2-48BA-AC7D-AACBFD6A010C}.AppStore|iPhoneSimulator.ActiveCfg = Release|Any CPU
		{98A68DFA-E8B2-48BA-AC7D-AACBFD6A010C}.AppStore|iPhoneSimulator.Build.0 = Release|Any CPU
		{98A68DFA-E8B2-48BA-AC7D-AACBFD6A010C}.AppStore|iPhoneSimulator.Deploy.0 = Release|Any CPU
		{98A68DFA-E8B2-48BA-AC7D-AACBFD6A010C}.AppStore|x64.ActiveCfg = Release|Any CPU
		{98A68DFA-E8B2-48BA-AC7D-AACBFD6A010C}.AppStore|x64.Build.0 = Release|Any CPU
		{98A68DFA-E8B2-48BA-AC7D-AACBFD6A010C}.AppStore|x64.Deploy.0 = Release|Any CPU
		{98A68DFA-E8B2-48BA-AC7D-AACBFD6A010C}.AppStore|x86.ActiveCfg = Release|x86
		{98A68DFA-E8B2-48BA-AC7D-AACBFD6A010C}.AppStore|x86.Build.0 = Release|x86
		{98A68DFA-E8B2-48BA-AC7D-AACBFD6A010C}.AppStore|x86.Deploy.0 = Release|x86
		{98A68DFA-E8B2-48BA-AC7D-AACBFD6A010C}.Debug|Any CPU.ActiveCfg = Debug|Any CPU
		{98A68DFA-E8B2-48BA-AC7D-AACBFD6A010C}.Debug|Any CPU.Build.0 = Debug|Any CPU
		{98A68DFA-E8B2-48BA-AC7D-AACBFD6A010C}.Debug|Any CPU.Deploy.0 = Debug|Any CPU
		{98A68DFA-E8B2-48BA-AC7D-AACBFD6A010C}.Debug|ARM.ActiveCfg = Debug|ARM
		{98A68DFA-E8B2-48BA-AC7D-AACBFD6A010C}.Debug|ARM.Build.0 = Debug|ARM
		{98A68DFA-E8B2-48BA-AC7D-AACBFD6A010C}.Debug|ARM.Deploy.0 = Debug|ARM
		{98A68DFA-E8B2-48BA-AC7D-AACBFD6A010C}.Debug|iPhone.ActiveCfg = Debug|Any CPU
		{98A68DFA-E8B2-48BA-AC7D-AACBFD6A010C}.Debug|iPhone.Build.0 = Debug|Any CPU
		{98A68DFA-E8B2-48BA-AC7D-AACBFD6A010C}.Debug|iPhone.Deploy.0 = Debug|Any CPU
		{98A68DFA-E8B2-48BA-AC7D-AACBFD6A010C}.Debug|iPhoneSimulator.ActiveCfg = Debug|Any CPU
		{98A68DFA-E8B2-48BA-AC7D-AACBFD6A010C}.Debug|iPhoneSimulator.Build.0 = Debug|Any CPU
		{98A68DFA-E8B2-48BA-AC7D-AACBFD6A010C}.Debug|iPhoneSimulator.Deploy.0 = Debug|Any CPU
		{98A68DFA-E8B2-48BA-AC7D-AACBFD6A010C}.Debug|x64.ActiveCfg = Debug|Any CPU
		{98A68DFA-E8B2-48BA-AC7D-AACBFD6A010C}.Debug|x64.Build.0 = Debug|Any CPU
		{98A68DFA-E8B2-48BA-AC7D-AACBFD6A010C}.Debug|x64.Deploy.0 = Debug|Any CPU
		{98A68DFA-E8B2-48BA-AC7D-AACBFD6A010C}.Debug|x86.ActiveCfg = Debug|x86
		{98A68DFA-E8B2-48BA-AC7D-AACBFD6A010C}.Debug|x86.Build.0 = Debug|x86
		{98A68DFA-E8B2-48BA-AC7D-AACBFD6A010C}.Debug|x86.Deploy.0 = Debug|x86
		{98A68DFA-E8B2-48BA-AC7D-AACBFD6A010C}.Release|Any CPU.ActiveCfg = Release|Any CPU
		{98A68DFA-E8B2-48BA-AC7D-AACBFD6A010C}.Release|Any CPU.Build.0 = Release|Any CPU
		{98A68DFA-E8B2-48BA-AC7D-AACBFD6A010C}.Release|Any CPU.Deploy.0 = Release|Any CPU
		{98A68DFA-E8B2-48BA-AC7D-AACBFD6A010C}.Release|ARM.ActiveCfg = Release|ARM
		{98A68DFA-E8B2-48BA-AC7D-AACBFD6A010C}.Release|ARM.Build.0 = Release|ARM
		{98A68DFA-E8B2-48BA-AC7D-AACBFD6A010C}.Release|ARM.Deploy.0 = Release|ARM
		{98A68DFA-E8B2-48BA-AC7D-AACBFD6A010C}.Release|iPhone.ActiveCfg = Release|Any CPU
		{98A68DFA-E8B2-48BA-AC7D-AACBFD6A010C}.Release|iPhone.Build.0 = Release|Any CPU
		{98A68DFA-E8B2-48BA-AC7D-AACBFD6A010C}.Release|iPhone.Deploy.0 = Release|Any CPU
		{98A68DFA-E8B2-48BA-AC7D-AACBFD6A010C}.Release|iPhoneSimulator.ActiveCfg = Release|Any CPU
		{98A68DFA-E8B2-48BA-AC7D-AACBFD6A010C}.Release|iPhoneSimulator.Build.0 = Release|Any CPU
		{98A68DFA-E8B2-48BA-AC7D-AACBFD6A010C}.Release|iPhoneSimulator.Deploy.0 = Release|Any CPU
		{98A68DFA-E8B2-48BA-AC7D-AACBFD6A010C}.Release|x64.ActiveCfg = Release|Any CPU
		{98A68DFA-E8B2-48BA-AC7D-AACBFD6A010C}.Release|x64.Build.0 = Release|Any CPU
		{98A68DFA-E8B2-48BA-AC7D-AACBFD6A010C}.Release|x64.Deploy.0 = Release|Any CPU
		{98A68DFA-E8B2-48BA-AC7D-AACBFD6A010C}.Release|x86.ActiveCfg = Release|x86
		{98A68DFA-E8B2-48BA-AC7D-AACBFD6A010C}.Release|x86.Build.0 = Release|x86
		{98A68DFA-E8B2-48BA-AC7D-AACBFD6A010C}.Release|x86.Deploy.0 = Release|x86
		{E8D53096-2F28-4FEB-82C8-A32DDE37C5E2}.Ad-Hoc|Any CPU.ActiveCfg = Release|Any CPU
		{E8D53096-2F28-4FEB-82C8-A32DDE37C5E2}.Ad-Hoc|Any CPU.Build.0 = Release|Any CPU
		{E8D53096-2F28-4FEB-82C8-A32DDE37C5E2}.Ad-Hoc|Any CPU.Deploy.0 = Release|Any CPU
		{E8D53096-2F28-4FEB-82C8-A32DDE37C5E2}.Ad-Hoc|ARM.ActiveCfg = Release|ARM
		{E8D53096-2F28-4FEB-82C8-A32DDE37C5E2}.Ad-Hoc|ARM.Build.0 = Release|ARM
		{E8D53096-2F28-4FEB-82C8-A32DDE37C5E2}.Ad-Hoc|ARM.Deploy.0 = Release|ARM
		{E8D53096-2F28-4FEB-82C8-A32DDE37C5E2}.Ad-Hoc|iPhone.ActiveCfg = Release|Any CPU
		{E8D53096-2F28-4FEB-82C8-A32DDE37C5E2}.Ad-Hoc|iPhone.Build.0 = Release|Any CPU
		{E8D53096-2F28-4FEB-82C8-A32DDE37C5E2}.Ad-Hoc|iPhone.Deploy.0 = Release|Any CPU
		{E8D53096-2F28-4FEB-82C8-A32DDE37C5E2}.Ad-Hoc|iPhoneSimulator.ActiveCfg = Release|Any CPU
		{E8D53096-2F28-4FEB-82C8-A32DDE37C5E2}.Ad-Hoc|iPhoneSimulator.Build.0 = Release|Any CPU
		{E8D53096-2F28-4FEB-82C8-A32DDE37C5E2}.Ad-Hoc|iPhoneSimulator.Deploy.0 = Release|Any CPU
		{E8D53096-2F28-4FEB-82C8-A32DDE37C5E2}.Ad-Hoc|x64.ActiveCfg = Release|x64
		{E8D53096-2F28-4FEB-82C8-A32DDE37C5E2}.Ad-Hoc|x64.Build.0 = Release|x64
		{E8D53096-2F28-4FEB-82C8-A32DDE37C5E2}.Ad-Hoc|x64.Deploy.0 = Release|x64
		{E8D53096-2F28-4FEB-82C8-A32DDE37C5E2}.Ad-Hoc|x86.ActiveCfg = Release|x86
		{E8D53096-2F28-4FEB-82C8-A32DDE37C5E2}.Ad-Hoc|x86.Build.0 = Release|x86
		{E8D53096-2F28-4FEB-82C8-A32DDE37C5E2}.Ad-Hoc|x86.Deploy.0 = Release|x86
		{E8D53096-2F28-4FEB-82C8-A32DDE37C5E2}.AppStore|Any CPU.ActiveCfg = Release|Any CPU
		{E8D53096-2F28-4FEB-82C8-A32DDE37C5E2}.AppStore|Any CPU.Build.0 = Release|Any CPU
		{E8D53096-2F28-4FEB-82C8-A32DDE37C5E2}.AppStore|Any CPU.Deploy.0 = Release|Any CPU
		{E8D53096-2F28-4FEB-82C8-A32DDE37C5E2}.AppStore|ARM.ActiveCfg = Release|ARM
		{E8D53096-2F28-4FEB-82C8-A32DDE37C5E2}.AppStore|ARM.Build.0 = Release|ARM
		{E8D53096-2F28-4FEB-82C8-A32DDE37C5E2}.AppStore|ARM.Deploy.0 = Release|ARM
		{E8D53096-2F28-4FEB-82C8-A32DDE37C5E2}.AppStore|iPhone.ActiveCfg = Release|Any CPU
		{E8D53096-2F28-4FEB-82C8-A32DDE37C5E2}.AppStore|iPhone.Build.0 = Release|Any CPU
		{E8D53096-2F28-4FEB-82C8-A32DDE37C5E2}.AppStore|iPhone.Deploy.0 = Release|Any CPU
		{E8D53096-2F28-4FEB-82C8-A32DDE37C5E2}.AppStore|iPhoneSimulator.ActiveCfg = Release|Any CPU
		{E8D53096-2F28-4FEB-82C8-A32DDE37C5E2}.AppStore|iPhoneSimulator.Build.0 = Release|Any CPU
		{E8D53096-2F28-4FEB-82C8-A32DDE37C5E2}.AppStore|iPhoneSimulator.Deploy.0 = Release|Any CPU
		{E8D53096-2F28-4FEB-82C8-A32DDE37C5E2}.AppStore|x64.ActiveCfg = Release|x64
		{E8D53096-2F28-4FEB-82C8-A32DDE37C5E2}.AppStore|x64.Build.0 = Release|x64
		{E8D53096-2F28-4FEB-82C8-A32DDE37C5E2}.AppStore|x64.Deploy.0 = Release|x64
		{E8D53096-2F28-4FEB-82C8-A32DDE37C5E2}.AppStore|x86.ActiveCfg = Release|x86
		{E8D53096-2F28-4FEB-82C8-A32DDE37C5E2}.AppStore|x86.Build.0 = Release|x86
		{E8D53096-2F28-4FEB-82C8-A32DDE37C5E2}.AppStore|x86.Deploy.0 = Release|x86
		{E8D53096-2F28-4FEB-82C8-A32DDE37C5E2}.Debug|Any CPU.ActiveCfg = Debug|Any CPU
		{E8D53096-2F28-4FEB-82C8-A32DDE37C5E2}.Debug|Any CPU.Build.0 = Debug|Any CPU
		{E8D53096-2F28-4FEB-82C8-A32DDE37C5E2}.Debug|Any CPU.Deploy.0 = Debug|Any CPU
		{E8D53096-2F28-4FEB-82C8-A32DDE37C5E2}.Debug|ARM.ActiveCfg = Debug|ARM
		{E8D53096-2F28-4FEB-82C8-A32DDE37C5E2}.Debug|ARM.Build.0 = Debug|ARM
		{E8D53096-2F28-4FEB-82C8-A32DDE37C5E2}.Debug|ARM.Deploy.0 = Debug|ARM
		{E8D53096-2F28-4FEB-82C8-A32DDE37C5E2}.Debug|iPhone.ActiveCfg = Debug|Any CPU
		{E8D53096-2F28-4FEB-82C8-A32DDE37C5E2}.Debug|iPhone.Build.0 = Debug|Any CPU
		{E8D53096-2F28-4FEB-82C8-A32DDE37C5E2}.Debug|iPhone.Deploy.0 = Debug|Any CPU
		{E8D53096-2F28-4FEB-82C8-A32DDE37C5E2}.Debug|iPhoneSimulator.ActiveCfg = Debug|Any CPU
		{E8D53096-2F28-4FEB-82C8-A32DDE37C5E2}.Debug|iPhoneSimulator.Build.0 = Debug|Any CPU
		{E8D53096-2F28-4FEB-82C8-A32DDE37C5E2}.Debug|iPhoneSimulator.Deploy.0 = Debug|Any CPU
		{E8D53096-2F28-4FEB-82C8-A32DDE37C5E2}.Debug|x64.ActiveCfg = Debug|x64
		{E8D53096-2F28-4FEB-82C8-A32DDE37C5E2}.Debug|x64.Build.0 = Debug|x64
		{E8D53096-2F28-4FEB-82C8-A32DDE37C5E2}.Debug|x64.Deploy.0 = Debug|x64
		{E8D53096-2F28-4FEB-82C8-A32DDE37C5E2}.Debug|x86.ActiveCfg = Debug|x86
		{E8D53096-2F28-4FEB-82C8-A32DDE37C5E2}.Debug|x86.Build.0 = Debug|x86
		{E8D53096-2F28-4FEB-82C8-A32DDE37C5E2}.Debug|x86.Deploy.0 = Debug|x86
		{E8D53096-2F28-4FEB-82C8-A32DDE37C5E2}.Release|Any CPU.ActiveCfg = Release|Any CPU
		{E8D53096-2F28-4FEB-82C8-A32DDE37C5E2}.Release|Any CPU.Build.0 = Release|Any CPU
		{E8D53096-2F28-4FEB-82C8-A32DDE37C5E2}.Release|Any CPU.Deploy.0 = Release|Any CPU
		{E8D53096-2F28-4FEB-82C8-A32DDE37C5E2}.Release|ARM.ActiveCfg = Release|ARM
		{E8D53096-2F28-4FEB-82C8-A32DDE37C5E2}.Release|ARM.Build.0 = Release|ARM
		{E8D53096-2F28-4FEB-82C8-A32DDE37C5E2}.Release|ARM.Deploy.0 = Release|ARM
		{E8D53096-2F28-4FEB-82C8-A32DDE37C5E2}.Release|iPhone.ActiveCfg = Release|Any CPU
		{E8D53096-2F28-4FEB-82C8-A32DDE37C5E2}.Release|iPhone.Build.0 = Release|Any CPU
		{E8D53096-2F28-4FEB-82C8-A32DDE37C5E2}.Release|iPhone.Deploy.0 = Release|Any CPU
		{E8D53096-2F28-4FEB-82C8-A32DDE37C5E2}.Release|iPhoneSimulator.ActiveCfg = Release|Any CPU
		{E8D53096-2F28-4FEB-82C8-A32DDE37C5E2}.Release|iPhoneSimulator.Build.0 = Release|Any CPU
		{E8D53096-2F28-4FEB-82C8-A32DDE37C5E2}.Release|iPhoneSimulator.Deploy.0 = Release|Any CPU
		{E8D53096-2F28-4FEB-82C8-A32DDE37C5E2}.Release|x64.ActiveCfg = Release|x64
		{E8D53096-2F28-4FEB-82C8-A32DDE37C5E2}.Release|x64.Build.0 = Release|x64
		{E8D53096-2F28-4FEB-82C8-A32DDE37C5E2}.Release|x64.Deploy.0 = Release|x64
		{E8D53096-2F28-4FEB-82C8-A32DDE37C5E2}.Release|x86.ActiveCfg = Release|x86
		{E8D53096-2F28-4FEB-82C8-A32DDE37C5E2}.Release|x86.Build.0 = Release|x86
		{E8D53096-2F28-4FEB-82C8-A32DDE37C5E2}.Release|x86.Deploy.0 = Release|x86
		{D1D82AA1-898A-4971-A2BC-9733EE21DD97}.Ad-Hoc|Any CPU.ActiveCfg = Release|Any CPU
		{D1D82AA1-898A-4971-A2BC-9733EE21DD97}.Ad-Hoc|Any CPU.Build.0 = Release|Any CPU
		{D1D82AA1-898A-4971-A2BC-9733EE21DD97}.Ad-Hoc|ARM.ActiveCfg = Release|Any CPU
		{D1D82AA1-898A-4971-A2BC-9733EE21DD97}.Ad-Hoc|ARM.Build.0 = Release|Any CPU
		{D1D82AA1-898A-4971-A2BC-9733EE21DD97}.Ad-Hoc|iPhone.ActiveCfg = Release|Any CPU
		{D1D82AA1-898A-4971-A2BC-9733EE21DD97}.Ad-Hoc|iPhone.Build.0 = Release|Any CPU
		{D1D82AA1-898A-4971-A2BC-9733EE21DD97}.Ad-Hoc|iPhoneSimulator.ActiveCfg = Release|Any CPU
		{D1D82AA1-898A-4971-A2BC-9733EE21DD97}.Ad-Hoc|iPhoneSimulator.Build.0 = Release|Any CPU
		{D1D82AA1-898A-4971-A2BC-9733EE21DD97}.Ad-Hoc|x64.ActiveCfg = Release|Any CPU
		{D1D82AA1-898A-4971-A2BC-9733EE21DD97}.Ad-Hoc|x64.Build.0 = Release|Any CPU
		{D1D82AA1-898A-4971-A2BC-9733EE21DD97}.Ad-Hoc|x86.ActiveCfg = Release|Any CPU
		{D1D82AA1-898A-4971-A2BC-9733EE21DD97}.Ad-Hoc|x86.Build.0 = Release|Any CPU
		{D1D82AA1-898A-4971-A2BC-9733EE21DD97}.AppStore|Any CPU.ActiveCfg = Release|Any CPU
		{D1D82AA1-898A-4971-A2BC-9733EE21DD97}.AppStore|Any CPU.Build.0 = Release|Any CPU
		{D1D82AA1-898A-4971-A2BC-9733EE21DD97}.AppStore|ARM.ActiveCfg = Release|Any CPU
		{D1D82AA1-898A-4971-A2BC-9733EE21DD97}.AppStore|ARM.Build.0 = Release|Any CPU
		{D1D82AA1-898A-4971-A2BC-9733EE21DD97}.AppStore|iPhone.ActiveCfg = Release|Any CPU
		{D1D82AA1-898A-4971-A2BC-9733EE21DD97}.AppStore|iPhone.Build.0 = Release|Any CPU
		{D1D82AA1-898A-4971-A2BC-9733EE21DD97}.AppStore|iPhoneSimulator.ActiveCfg = Release|Any CPU
		{D1D82AA1-898A-4971-A2BC-9733EE21DD97}.AppStore|iPhoneSimulator.Build.0 = Release|Any CPU
		{D1D82AA1-898A-4971-A2BC-9733EE21DD97}.AppStore|x64.ActiveCfg = Release|Any CPU
		{D1D82AA1-898A-4971-A2BC-9733EE21DD97}.AppStore|x64.Build.0 = Release|Any CPU
		{D1D82AA1-898A-4971-A2BC-9733EE21DD97}.AppStore|x86.ActiveCfg = Release|Any CPU
		{D1D82AA1-898A-4971-A2BC-9733EE21DD97}.AppStore|x86.Build.0 = Release|Any CPU
		{D1D82AA1-898A-4971-A2BC-9733EE21DD97}.Debug|Any CPU.ActiveCfg = Debug|Any CPU
		{D1D82AA1-898A-4971-A2BC-9733EE21DD97}.Debug|Any CPU.Build.0 = Debug|Any CPU
		{D1D82AA1-898A-4971-A2BC-9733EE21DD97}.Debug|ARM.ActiveCfg = Debug|Any CPU
		{D1D82AA1-898A-4971-A2BC-9733EE21DD97}.Debug|ARM.Build.0 = Debug|Any CPU
		{D1D82AA1-898A-4971-A2BC-9733EE21DD97}.Debug|iPhone.ActiveCfg = Debug|Any CPU
		{D1D82AA1-898A-4971-A2BC-9733EE21DD97}.Debug|iPhone.Build.0 = Debug|Any CPU
		{D1D82AA1-898A-4971-A2BC-9733EE21DD97}.Debug|iPhoneSimulator.ActiveCfg = Debug|Any CPU
		{D1D82AA1-898A-4971-A2BC-9733EE21DD97}.Debug|iPhoneSimulator.Build.0 = Debug|Any CPU
		{D1D82AA1-898A-4971-A2BC-9733EE21DD97}.Debug|x64.ActiveCfg = Debug|Any CPU
		{D1D82AA1-898A-4971-A2BC-9733EE21DD97}.Debug|x64.Build.0 = Debug|Any CPU
		{D1D82AA1-898A-4971-A2BC-9733EE21DD97}.Debug|x86.ActiveCfg = Debug|Any CPU
		{D1D82AA1-898A-4971-A2BC-9733EE21DD97}.Debug|x86.Build.0 = Debug|Any CPU
		{D1D82AA1-898A-4971-A2BC-9733EE21DD97}.Release|Any CPU.ActiveCfg = Release|Any CPU
		{D1D82AA1-898A-4971-A2BC-9733EE21DD97}.Release|Any CPU.Build.0 = Release|Any CPU
		{D1D82AA1-898A-4971-A2BC-9733EE21DD97}.Release|ARM.ActiveCfg = Release|Any CPU
		{D1D82AA1-898A-4971-A2BC-9733EE21DD97}.Release|ARM.Build.0 = Release|Any CPU
		{D1D82AA1-898A-4971-A2BC-9733EE21DD97}.Release|iPhone.ActiveCfg = Release|Any CPU
		{D1D82AA1-898A-4971-A2BC-9733EE21DD97}.Release|iPhone.Build.0 = Release|Any CPU
		{D1D82AA1-898A-4971-A2BC-9733EE21DD97}.Release|iPhoneSimulator.ActiveCfg = Release|Any CPU
		{D1D82AA1-898A-4971-A2BC-9733EE21DD97}.Release|iPhoneSimulator.Build.0 = Release|Any CPU
		{D1D82AA1-898A-4971-A2BC-9733EE21DD97}.Release|x64.ActiveCfg = Release|Any CPU
		{D1D82AA1-898A-4971-A2BC-9733EE21DD97}.Release|x64.Build.0 = Release|Any CPU
		{D1D82AA1-898A-4971-A2BC-9733EE21DD97}.Release|x86.ActiveCfg = Release|Any CPU
		{D1D82AA1-898A-4971-A2BC-9733EE21DD97}.Release|x86.Build.0 = Release|Any CPU
	EndGlobalSection
	GlobalSection(SolutionProperties) = preSolution
		HideSolutionNode = FALSE
	EndGlobalSection
EndGlobal
